
Microsoft Visual Studio Solution File, Format Version 12.00
# Visual Studio Version 16
VisualStudioVersion = 16.0.31613.86
MinimumVisualStudioVersion = 10.0.40219.1
Project("{FAE04EC0-301F-11D3-BF4B-00C04F79EFBC}") = "Injector", "Injector\Injector.csproj", "{8A80D635-FC1E-4EDB-805F-02D971CBF06A}"
EndProject
Global
	GlobalSection(SolutionConfigurationPlatforms) = preSolution
		Debug|Any CPU = Debug|Any CPU
		Release|Any CPU = Release|Any CPU
	EndGlobalSection
	GlobalSection(ProjectConfigurationPlatforms) = postSolution
		{8A80D635-FC1E-4EDB-805F-02D971CBF06A}.Debug|Any CPU.ActiveCfg = Debug|Any CPU
		{8A80D635-FC1E-4EDB-805F-02D971CBF06A}.Debug|Any CPU.Build.0 = Debug|Any CPU
		{8A80D635-FC1E-4EDB-805F-02D971CBF06A}.Release|Any CPU.ActiveCfg = Release|Any CPU
		{8A80D635-FC1E-4EDB-805F-02D971CBF06A}.Release|Any CPU.Build.0 = Release|Any CPU
	EndGlobalSection
	GlobalSection(SolutionProperties) = preSolution
		HideSolutionNode = FALSE
	EndGlobalSection
	GlobalSection(ExtensibilityGlobals) = postSolution
		SolutionGuid = {A9943B21-A3FC-4717-8F6B-2FE0B011DD31}
	EndGlobalSection
EndGlobal
